
Microsoft Visual Studio Solution File, Format Version 12.00
# Visual Studio Version 16
VisualStudioVersion = 16.0.33130.400
MinimumVisualStudioVersion = 10.0.40219.1
Project("{FAE04EC0-301F-11D3-BF4B-00C04F79EFBC}") = "WpfNewYear", "WpfNewYear.csproj", "{E27E8276-21F0-43CE-972C-2EEE64F630F8}"
EndProject
Global
	GlobalSection(SolutionConfigurationPlatforms) = preSolution
		Debug|Any CPU = Debug|Any CPU
		Release|Any CPU = Release|Any CPU
	EndGlobalSection
	GlobalSection(ProjectConfigurationPlatforms) = postSolution
		{E27E8276-21F0-43CE-972C-2EEE64F630F8}.Debug|Any CPU.ActiveCfg = Debug|Any CPU
		{E27E8276-21F0-43CE-972C-2EEE64F630F8}.Debug|Any CPU.Build.0 = Debug|Any CPU
		{E27E8276-21F0-43CE-972C-2EEE64F630F8}.Release|Any CPU.ActiveCfg = Release|Any CPU
		{E27E8276-21F0-43CE-972C-2EEE64F630F8}.Release|Any CPU.Build.0 = Release|Any CPU
	EndGlobalSection
	GlobalSection(SolutionProperties) = preSolution
		HideSolutionNode = FALSE
	EndGlobalSection
	GlobalSection(ExtensibilityGlobals) = postSolution
		SolutionGuid = {629C9D63-5A3B-45B8-97B8-27C3DC2A54E0}
	EndGlobalSection
EndGlobal
